
Microsoft Visual Studio Solution File, Format Version 12.00
# Visual Studio Version 17
VisualStudioVersion = 17.3.32804.467
MinimumVisualStudioVersion = 10.0.40219.1
Project("{FAE04EC0-301F-11D3-BF4B-00C04F79EFBC}") = "Sante", "Sante\Sante.csproj", "{D015CC13-A385-425A-8555-CA98EFCEFD8C}"
EndProject
Global
	GlobalSection(SolutionConfigurationPlatforms) = preSolution
		Debug|Any CPU = Debug|Any CPU
		Release|Any CPU = Release|Any CPU
	EndGlobalSection
	GlobalSection(ProjectConfigurationPlatforms) = postSolution
		{D015CC13-A385-425A-8555-CA98EFCEFD8C}.Debug|Any CPU.ActiveCfg = Debug|Any CPU
		{D015CC13-A385-425A-8555-CA98EFCEFD8C}.Debug|Any CPU.Build.0 = Debug|Any CPU
		{D015CC13-A385-425A-8555-CA98EFCEFD8C}.Release|Any CPU.ActiveCfg = Release|Any CPU
		{D015CC13-A385-425A-8555-CA98EFCEFD8C}.Release|Any CPU.Build.0 = Release|Any CPU
	EndGlobalSection
	GlobalSection(SolutionProperties) = preSolution
		HideSolutionNode = FALSE
	EndGlobalSection
	GlobalSection(ExtensibilityGlobals) = postSolution
		SolutionGuid = {9DBE6BC8-9DAF-4223-B0A6-CC3EFCC9D8B4}
	EndGlobalSection
EndGlobal
